github.com/yah01/cybuf-common v0.0.0-20200420142007-1825fd56fb08 h1:58cv4JB17o/LMLUxEnsA4Q1Juw4fa19A0OQLWG9wgMY=
github.com/yah01/cybuf-common v0.0.0-20200420142007-1825fd56fb08/go.mod h1:BUQ7kOCL76EnEiQR4rCp1iCe1QrBh/wJ2Q2o9KxbhiY=
github.com/yah01/cybuf-common v0.0.0-20200420145137-b8f88fe2cf01 h1:IogWVc3HfR0umPDdRKNwcbHbQ/83SrCmdSZ6bUTK/Hw=
github.com/yah01/cybuf-common v0.0.0-20200420145137-b8f88fe2cf01/go.mod h1:BUQ7kOCL76EnEiQR4rCp1iCe1QrBh/wJ2Q2o9KxbhiY=
github.com/yah01/cyds v0.0.0-20200412150410-7c95baa53b91 h1:oyLcmW4hyNQvlC2g2WM+8L1cWMGioSax/la4bsLMWTM=
github.com/yah01/cyds v0.0.0-20200412150410-7c95baa53b91/go.mod h1:hFR/NSzoGO+5HcJZsuth0LjUWLtJL6ezTA9lNwDWWhQ=
